
Microsoft Visual Studio Solution File, Format Version 12.00
# Visual Studio Version 17
VisualStudioVersion = 17.9.34728.123
MinimumVisualStudioVersion = 10.0.40219.1
Project("{FAE04EC0-301F-11D3-BF4B-00C04F79EFBC}") = "DBProject", "DBProject\DBProject.csproj", "{4210CC1F-F8D4-462F-9316-8B31175C2581}"
EndProject
Global
	GlobalSection(SolutionConfigurationPlatforms) = preSolution
		Debug|Any CPU = Debug|Any CPU
		Release|Any CPU = Release|Any CPU
	EndGlobalSection
	GlobalSection(ProjectConfigurationPlatforms) = postSolution
		{4210CC1F-F8D4-462F-9316-8B31175C2581}.Debug|Any CPU.ActiveCfg = Debug|Any CPU
		{4210CC1F-F8D4-462F-9316-8B31175C2581}.Debug|Any CPU.Build.0 = Debug|Any CPU
		{4210CC1F-F8D4-462F-9316-8B31175C2581}.Release|Any CPU.ActiveCfg = Release|Any CPU
		{4210CC1F-F8D4-462F-9316-8B31175C2581}.Release|Any CPU.Build.0 = Release|Any CPU
	EndGlobalSection
	GlobalSection(SolutionProperties) = preSolution
		HideSolutionNode = FALSE
	EndGlobalSection
	GlobalSection(ExtensibilityGlobals) = postSolution
		SolutionGuid = {222A386F-9C67-41EA-B752-BA1DC413B0E9}
	EndGlobalSection
EndGlobal
